{
  "originHash" : "534712ce7a1e7489663893f89f079964b09537d8edb75a77f3925309a7590bd5",
  "pins" : [
    {
      "identity" : "sparkle",
      "kind" : "remoteSourceControl",
      "location" : "https://github.com/sparkle-project/Sparkle",
      "state" : {
        "revision" : "eef1a539a373c1f1a320624b1130fc5de7b2e100",
        "version" : "2.10.0"
      }
    }
  ],
  "version" : 3
}
