{
  "originHash" : "82601d085ddca4bb1c04554ad2e678866a848e73b2ee082aa4ca7443bac1f645",
  "pins" : [
    {
      "identity" : "partiti-ui",
      "kind" : "remoteSourceControl",
      "location" : "https://github.com/gabry-ts/partiti-ui",
      "state" : {
        "revision" : "e6b0986220e3e256da1197ef690099cff4b09225",
        "version" : "0.3.0"
      }
    },
    {
      "identity" : "sparkle",
      "kind" : "remoteSourceControl",
      "location" : "https://github.com/sparkle-project/Sparkle",
      "state" : {
        "revision" : "eef1a539a373c1f1a320624b1130fc5de7b2e100",
        "version" : "2.10.0"
      }
    }
  ],
  "version" : 3
}
